
Microsoft Visual Studio Solution File, Format Version 12.00
Project("{FAE04EC0-301F-11D3-BF4B-00C04F79EFBC}") = "MrKWatkins.OakCpu.Z80", "MrKWatkins.OakCpu.Z80\MrKWatkins.OakCpu.Z80.csproj", "{377A7908-C58C-4D05-BBF5-7866639A32F4}"
EndProject
Project("{2150E333-8FDC-42A3-9474-1A3956D46DE8}") = "Solution Items", "Solution Items", "{CF6CC39D-85D3-443F-B491-4552DB6C50FD}"
	ProjectSection(SolutionItems) = preProject
		Directory.Build.props = Directory.Build.props
		Directory.Packages.props = Directory.Packages.props
		.editorconfig = .editorconfig
		..\.gitignore = ..\.gitignore
		..\Icon.png = ..\Icon.png
		..\License.md = ..\License.md
	EndProjectSection
EndProject
Project("{2150E333-8FDC-42A3-9474-1A3956D46DE8}") = "definitions", "definitions", "{C18D2C0D-B892-41EF-AA43-20F981CA5A56}"
EndProject
Project("{2150E333-8FDC-42A3-9474-1A3956D46DE8}") = "z80", "z80", "{4C2E5424-BCEA-47D9-82A3-D9894FDFAC41}"
	ProjectSection(SolutionItems) = preProject
		..\definitions\z80\registers.yaml = ..\definitions\z80\registers.yaml
		..\definitions\z80\flags.yaml = ..\definitions\z80\flags.yaml
		..\definitions\z80\general.yaml = ..\definitions\z80\general.yaml
		..\definitions\z80\cpu.yaml = ..\definitions\z80\cpu.yaml
		..\definitions\z80\or.yaml = ..\definitions\z80\or.yaml
		..\definitions\z80\functions.yaml = ..\definitions\z80\functions.yaml
		..\definitions\z80\and.yaml = ..\definitions\z80\and.yaml
		..\definitions\z80\xor.yaml = ..\definitions\z80\xor.yaml
		..\definitions\z80\inc.yaml = ..\definitions\z80\inc.yaml
		..\definitions\z80\dec.yaml = ..\definitions\z80\dec.yaml
		..\definitions\z80\rotate.yaml = ..\definitions\z80\rotate.yaml
		..\definitions\z80\exchange.yaml = ..\definitions\z80\exchange.yaml
		..\definitions\z80\add.yaml = ..\definitions\z80\add.yaml
		..\definitions\z80\djnz.yaml = ..\definitions\z80\djnz.yaml
		..\definitions\z80\jumps.yaml = ..\definitions\z80\jumps.yaml
		..\definitions\z80\ld-8-bit-copy_register_register.yaml = ..\definitions\z80\ld-8-bit-copy_register_register.yaml
		..\definitions\z80\ld-8-bit-load_register_immediate.yaml = ..\definitions\z80\ld-8-bit-load_register_immediate.yaml
		..\definitions\z80\ld-8-bit-store_register-pair-indirect_register.yaml = ..\definitions\z80\ld-8-bit-store_register-pair-indirect_register.yaml
		..\definitions\z80\ld-16-bit-load_register-pair_immediate.yaml = ..\definitions\z80\ld-16-bit-load_register-pair_immediate.yaml
		..\definitions\z80\ld-16-bit-load_register-pair_indirect.yaml = ..\definitions\z80\ld-16-bit-load_register-pair_indirect.yaml
		..\definitions\z80\ld-16-bit-store_indirect_register-pair.yaml = ..\definitions\z80\ld-16-bit-store_indirect_register-pair.yaml
		..\definitions\z80\ld-8-bit-store_register-pair-indirect_immediate.yaml = ..\definitions\z80\ld-8-bit-store_register-pair-indirect_immediate.yaml
		..\definitions\z80\ld-8-bit-store_indirect_register.yaml = ..\definitions\z80\ld-8-bit-store_indirect_register.yaml
		..\definitions\z80\ld-8-bit-load_register_indirect.yaml = ..\definitions\z80\ld-8-bit-load_register_indirect.yaml
		..\definitions\z80\ld-8-bit-load_register_register-pair-indirect.yaml = ..\definitions\z80\ld-8-bit-load_register_register-pair-indirect.yaml
		..\definitions\z80\cpl.yaml = ..\definitions\z80\cpl.yaml
	EndProjectSection
EndProject
Project("{FAE04EC0-301F-11D3-BF4B-00C04F79EFBC}") = "MrKWatkins.OakCpu.Z80.Tests", "MrKWatkins.OakCpu.Z80.Tests\MrKWatkins.OakCpu.Z80.Tests.csproj", "{C0E307B6-B1E3-421A-99C7-62804DAE1A39}"
EndProject
Project("{FAE04EC0-301F-11D3-BF4B-00C04F79EFBC}") = "MrKWatkins.OakCpu.SourceGenerator", "MrKWatkins.OakCpu.SourceGenerator\MrKWatkins.OakCpu.SourceGenerator.csproj", "{8A2CB62E-FEEB-4C79-8CCA-C0F5367130C4}"
EndProject
Project("{FAE04EC0-301F-11D3-BF4B-00C04F79EFBC}") = "MrKWatkins.OakCpu.CodeGenerator", "MrKWatkins.OakCpu.CodeGenerator\MrKWatkins.OakCpu.CodeGenerator.csproj", "{6570B6C6-B74B-4601-88A4-65DAAFC28D44}"
EndProject
Project("{FAE04EC0-301F-11D3-BF4B-00C04F79EFBC}") = "MrKWatkins.OakCpu.CodeGenerator.Tests", "MrKWatkins.OakCpu.CodeGenerator.Tests\MrKWatkins.OakCpu.CodeGenerator.Tests.csproj", "{EBCAA82A-3581-42CB-A6F2-4A1E5842D9EE}"
EndProject
Project("{2150E333-8FDC-42A3-9474-1A3956D46DE8}") = ".github", ".github", "{FA51A712-6207-480C-8868-AA0D66A6A601}"
EndProject
Project("{2150E333-8FDC-42A3-9474-1A3956D46DE8}") = "workflows", "workflows", "{448255F6-03C3-498E-800B-1CB149319459}"
	ProjectSection(SolutionItems) = preProject
		..\.github\workflows\build.yml = ..\.github\workflows\build.yml
		..\.github\workflows\release.yml = ..\.github\workflows\release.yml
	EndProjectSection
EndProject
Project("{FAE04EC0-301F-11D3-BF4B-00C04F79EFBC}") = "MrKWatkins.Z80TestSuites", "MrKWatkins.Z80TestSuites\MrKWatkins.Z80TestSuites.csproj", "{29D683B6-9884-489E-B3F9-624B61949985}"
EndProject
Global
	GlobalSection(SolutionConfigurationPlatforms) = preSolution
		Debug|Any CPU = Debug|Any CPU
		Release|Any CPU = Release|Any CPU
	EndGlobalSection
	GlobalSection(ProjectConfigurationPlatforms) = postSolution
		{377A7908-C58C-4D05-BBF5-7866639A32F4}.Debug|Any CPU.ActiveCfg = Debug|Any CPU
		{377A7908-C58C-4D05-BBF5-7866639A32F4}.Debug|Any CPU.Build.0 = Debug|Any CPU
		{377A7908-C58C-4D05-BBF5-7866639A32F4}.Release|Any CPU.ActiveCfg = Release|Any CPU
		{377A7908-C58C-4D05-BBF5-7866639A32F4}.Release|Any CPU.Build.0 = Release|Any CPU
		{C0E307B6-B1E3-421A-99C7-62804DAE1A39}.Debug|Any CPU.ActiveCfg = Debug|Any CPU
		{C0E307B6-B1E3-421A-99C7-62804DAE1A39}.Debug|Any CPU.Build.0 = Debug|Any CPU
		{C0E307B6-B1E3-421A-99C7-62804DAE1A39}.Release|Any CPU.ActiveCfg = Release|Any CPU
		{C0E307B6-B1E3-421A-99C7-62804DAE1A39}.Release|Any CPU.Build.0 = Release|Any CPU
		{8A2CB62E-FEEB-4C79-8CCA-C0F5367130C4}.Debug|Any CPU.ActiveCfg = Debug|Any CPU
		{8A2CB62E-FEEB-4C79-8CCA-C0F5367130C4}.Debug|Any CPU.Build.0 = Debug|Any CPU
		{8A2CB62E-FEEB-4C79-8CCA-C0F5367130C4}.Release|Any CPU.ActiveCfg = Release|Any CPU
		{8A2CB62E-FEEB-4C79-8CCA-C0F5367130C4}.Release|Any CPU.Build.0 = Release|Any CPU
		{6570B6C6-B74B-4601-88A4-65DAAFC28D44}.Debug|Any CPU.ActiveCfg = Debug|Any CPU
		{6570B6C6-B74B-4601-88A4-65DAAFC28D44}.Debug|Any CPU.Build.0 = Debug|Any CPU
		{6570B6C6-B74B-4601-88A4-65DAAFC28D44}.Release|Any CPU.ActiveCfg = Release|Any CPU
		{6570B6C6-B74B-4601-88A4-65DAAFC28D44}.Release|Any CPU.Build.0 = Release|Any CPU
		{EBCAA82A-3581-42CB-A6F2-4A1E5842D9EE}.Debug|Any CPU.ActiveCfg = Debug|Any CPU
		{EBCAA82A-3581-42CB-A6F2-4A1E5842D9EE}.Debug|Any CPU.Build.0 = Debug|Any CPU
		{EBCAA82A-3581-42CB-A6F2-4A1E5842D9EE}.Release|Any CPU.ActiveCfg = Release|Any CPU
		{EBCAA82A-3581-42CB-A6F2-4A1E5842D9EE}.Release|Any CPU.Build.0 = Release|Any CPU
		{29D683B6-9884-489E-B3F9-624B61949985}.Debug|Any CPU.ActiveCfg = Debug|Any CPU
		{29D683B6-9884-489E-B3F9-624B61949985}.Debug|Any CPU.Build.0 = Debug|Any CPU
		{29D683B6-9884-489E-B3F9-624B61949985}.Release|Any CPU.ActiveCfg = Release|Any CPU
		{29D683B6-9884-489E-B3F9-624B61949985}.Release|Any CPU.Build.0 = Release|Any CPU
	EndGlobalSection
	GlobalSection(NestedProjects) = preSolution
		{4C2E5424-BCEA-47D9-82A3-D9894FDFAC41} = {C18D2C0D-B892-41EF-AA43-20F981CA5A56}
		{FA51A712-6207-480C-8868-AA0D66A6A601} = {CF6CC39D-85D3-443F-B491-4552DB6C50FD}
		{448255F6-03C3-498E-800B-1CB149319459} = {FA51A712-6207-480C-8868-AA0D66A6A601}
	EndGlobalSection
EndGlobal
